
Microsoft Visual Studio Solution File, Format Version 12.00
# Visual Studio Version 16
VisualStudioVersion = 16.0.30907.101
MinimumVisualStudioVersion = 10.0.40219.1
Project("{FAE04EC0-301F-11D3-BF4B-00C04F79EFBC}") = "Recetas", "Recetas.csproj", "{B81299EA-B941-4882-8B01-D6256E295392}"
EndProject
Global
	GlobalSection(SolutionConfigurationPlatforms) = preSolution
		Debug|Any CPU = Debug|Any CPU
		Release|Any CPU = Release|Any CPU
	EndGlobalSection
	GlobalSection(ProjectConfigurationPlatforms) = postSolution
		{B81299EA-B941-4882-8B01-D6256E295392}.Debug|Any CPU.ActiveCfg = Debug|Any CPU
		{B81299EA-B941-4882-8B01-D6256E295392}.Debug|Any CPU.Build.0 = Debug|Any CPU
		{B81299EA-B941-4882-8B01-D6256E295392}.Release|Any CPU.ActiveCfg = Release|Any CPU
		{B81299EA-B941-4882-8B01-D6256E295392}.Release|Any CPU.Build.0 = Release|Any CPU
	EndGlobalSection
	GlobalSection(SolutionProperties) = preSolution
		HideSolutionNode = FALSE
	EndGlobalSection
	GlobalSection(ExtensibilityGlobals) = postSolution
		SolutionGuid = {879C1944-6778-4C8F-9E28-405E96F2B895}
	EndGlobalSection
EndGlobal
